
Microsoft Visual Studio Solution File, Format Version 12.00
Project("{2150E333-8FDC-42A3-9474-1A3956D46DE8}") = "src", "src", "{84268000-7CD8-4384-827B-8BA0827F482D}"
EndProject
Project("{2150E333-8FDC-42A3-9474-1A3956D46DE8}") = "apps", "apps", "{323C172E-9933-4B14-AB54-C181C55BF0C6}"
EndProject
Project("{2150E333-8FDC-42A3-9474-1A3956D46DE8}") = "test", "test", "{7AD16D07-10A7-4C56-806D-B1CCA29580AA}"
EndProject
Project("{FAE04EC0-301F-11D3-BF4B-00C04F79EFBC}") = "Shared", "src\Shared\Shared.csproj", "{589A0CC6-BD25-4A55-AEB6-A680FA9002FD}"
EndProject
Project("{FAE04EC0-301F-11D3-BF4B-00C04F79EFBC}") = "Customers", "src\Customers\Customers.csproj", "{0A71F0B2-438D-45D0-B52A-9CA7428D6EFA}"
EndProject
Project("{FAE04EC0-301F-11D3-BF4B-00C04F79EFBC}") = "Customers.Api", "apps\Customers.Api\Customers.Api.csproj", "{E490356F-6161-4EE8-987C-28FF571763D4}"
EndProject
Global
	GlobalSection(SolutionConfigurationPlatforms) = preSolution
		Debug|Any CPU = Debug|Any CPU
		Release|Any CPU = Release|Any CPU
	EndGlobalSection
	GlobalSection(NestedProjects) = preSolution
		{589A0CC6-BD25-4A55-AEB6-A680FA9002FD} = {84268000-7CD8-4384-827B-8BA0827F482D}
		{0A71F0B2-438D-45D0-B52A-9CA7428D6EFA} = {84268000-7CD8-4384-827B-8BA0827F482D}
		{E490356F-6161-4EE8-987C-28FF571763D4} = {323C172E-9933-4B14-AB54-C181C55BF0C6}
	EndGlobalSection
	GlobalSection(ProjectConfigurationPlatforms) = postSolution
		{589A0CC6-BD25-4A55-AEB6-A680FA9002FD}.Debug|Any CPU.ActiveCfg = Debug|Any CPU
		{589A0CC6-BD25-4A55-AEB6-A680FA9002FD}.Debug|Any CPU.Build.0 = Debug|Any CPU
		{589A0CC6-BD25-4A55-AEB6-A680FA9002FD}.Release|Any CPU.ActiveCfg = Release|Any CPU
		{589A0CC6-BD25-4A55-AEB6-A680FA9002FD}.Release|Any CPU.Build.0 = Release|Any CPU
		{0A71F0B2-438D-45D0-B52A-9CA7428D6EFA}.Debug|Any CPU.ActiveCfg = Debug|Any CPU
		{0A71F0B2-438D-45D0-B52A-9CA7428D6EFA}.Debug|Any CPU.Build.0 = Debug|Any CPU
		{0A71F0B2-438D-45D0-B52A-9CA7428D6EFA}.Release|Any CPU.ActiveCfg = Release|Any CPU
		{0A71F0B2-438D-45D0-B52A-9CA7428D6EFA}.Release|Any CPU.Build.0 = Release|Any CPU
		{E490356F-6161-4EE8-987C-28FF571763D4}.Debug|Any CPU.ActiveCfg = Debug|Any CPU
		{E490356F-6161-4EE8-987C-28FF571763D4}.Debug|Any CPU.Build.0 = Debug|Any CPU
		{E490356F-6161-4EE8-987C-28FF571763D4}.Release|Any CPU.ActiveCfg = Release|Any CPU
		{E490356F-6161-4EE8-987C-28FF571763D4}.Release|Any CPU.Build.0 = Release|Any CPU
	EndGlobalSection
EndGlobal
